STORAGE: NONE
RESTRICTION: == net10.0
NUGET
  remote: https://api.nuget.org/v3/index.json
    alex312.Feliz.Router (4.100)
      Fable.Elmish (>= 5.0.2)
      Feliz (>= 3.2)
      FSharp.Core (>= 6.0)
    Fable.AST (5.0.0-rc.4)
    Fable.Browser.Blob (1.4)
      Fable.Core (>= 3.2.8)
      FSharp.Core (>= 4.7.2)
    Fable.Browser.Dom (2.20)
      Fable.Browser.Blob (>= 1.4)
      Fable.Browser.Event (>= 1.7)
      Fable.Browser.WebStorage (>= 1.3)
      Fable.Core (>= 3.2.8)
      FSharp.Core (>= 4.7.2)
    Fable.Browser.Event (1.7)
      Fable.Browser.Gamepad (>= 1.3)
      Fable.Core (>= 3.2.8)
      FSharp.Core (>= 4.7.2)
    Fable.Browser.Gamepad (1.3)
      Fable.Core (>= 3.2.8)
      FSharp.Core (>= 4.7.2)
    Fable.Browser.WebStorage (1.3)
      Fable.Browser.Event (>= 1.6)
      Fable.Core (>= 3.2.8)
      FSharp.Core (>= 4.7.2)
    Fable.Core (4.5)
    Fable.Elmish (5.0.2)
      Fable.Core (>= 4.0)
      FSharp.Core (>= 4.7.2)
    Fable.Elmish.React (5.5)
      Fable.Elmish (>= 5.0.2)
      Fable.ReactDom.Types (>= 18.2)
      FSharp.Core (>= 4.7.2)
    Fable.Promise (3.2)
      Fable.Core (>= 3.7.1)
      FSharp.Core (>= 4.7.2)
    Fable.React.Types (18.4)
      Fable.Browser.Dom (>= 2.4.4)
      Fable.Core (>= 3.2.7)
      FSharp.Core (>= 4.7.2)
    Fable.ReactDom.Types (18.2)
      Fable.React.Types (>= 18.3)
      FSharp.Core (>= 4.7.2)
    Feliz (3.2)
      Fable.Core (>= 4.5)
      Fable.React.Types (>= 18.4)
      Fable.ReactDom.Types (>= 18.2)
      Feliz.CompilerPlugins (>= 3.1)
    Feliz.CompilerPlugins (3.1)
      Fable.AST (>= 5.0.0-rc.3)
    Feliz.DaisyUI (5.3)
      Fable.Core (>= 4.5)
      Feliz (>= 3.1.1)
      FSharp.Core (>= 4.7.2)
    FSharp.Core (11.0.100)
    Serde.FS (1.0.0-alpha.11)
      FSharp.Core (>= 10.0.103)
    Serde.FS.Json (1.0.0-alpha.11)
      FSharp.Core (>= 10.0.103)
      Serde.FS (>= 1.0.0-alpha.11)
    Thoth.Json (10.4.1)
      Fable.Core (>= 4.1)
      FSharp.Core (>= 5.0.2)

GROUP Build
STORAGE: NONE
RESTRICTION: == net10.0
NUGET
  remote: https://api.nuget.org/v3/index.json
    FSharp.Core (11.0.100)
    Gapotchenko.FX (2026.6.2)
    Gapotchenko.FX.Collections (2026.6.2)
      Gapotchenko.FX (>= 2026.6.2)
      Gapotchenko.FX.Linq (>= 2026.6.2)
    Gapotchenko.FX.Console (2026.6.2)
      Gapotchenko.FX (>= 2026.6.2)
      Gapotchenko.FX.Diagnostics.Process (>= 2026.6.2)
      Gapotchenko.FX.Text (>= 2026.6.2)
    Gapotchenko.FX.Diagnostics.CommandLine (2026.6.2)
      Gapotchenko.FX (>= 2026.6.2)
      Gapotchenko.FX.IO (>= 2026.6.2)
      Gapotchenko.FX.Text (>= 2026.6.2)
    Gapotchenko.FX.Diagnostics.Process (2026.6.2)
      Gapotchenko.FX (>= 2026.6.2)
      Gapotchenko.FX.Diagnostics.CommandLine (>= 2026.6.2)
      Gapotchenko.FX.Threading (>= 2026.6.2)
    Gapotchenko.FX.IO (2026.6.2)
      Gapotchenko.FX (>= 2026.6.2)
      Gapotchenko.FX.Text (>= 2026.6.2)
      Gapotchenko.FX.Threading (>= 2026.6.2)
    Gapotchenko.FX.Linq (2026.6.2)
      Gapotchenko.FX (>= 2026.6.2)
    Gapotchenko.FX.Text (2026.6.2)
      Gapotchenko.FX (>= 2026.6.2)
    Gapotchenko.FX.Threading (2026.6.2)
      Gapotchenko.FX (>= 2026.6.2)
      Gapotchenko.FX.Collections (>= 2026.6.2)
